// !$*UTF8*$!
{
	archiveVersion = 1;
	classes = {
	};
	objectVersion = 51;
	objects = {

/* Begin PBXBuildFile section */
		209342999DC3437A0042A3DE /* Pods_PBIS_Scanner.framework in Frameworks */ = {isa = PBXBuildFile; fileRef = F71E722ED32FCB03755931A5 /* Pods_PBIS_Scanner.framework */; };
		55117BBE24FA98E90047D54A /* AmplifyConfigurator.swift in Sources */ = {isa = PBXBuildFile; fileRef = 55117BBD24FA98E90047D54A /* AmplifyConfigurator.swift */; };
		55117BC024FA9D650047D54A /* JuvenileManager.swift in Sources */ = {isa = PBXBuildFile; fileRef = 55117BBF24FA9D650047D54A /* JuvenileManager.swift */; };
		55117BC224FAA1BA0047D54A /* Endpoint.swift in Sources */ = {isa = PBXBuildFile; fileRef = 55117BC124FAA1BA0047D54A /* Endpoint.swift */; };
		55117BC524FAA2220047D54A /* EndpointConfiguration.swift in Sources */ = {isa = PBXBuildFile; fileRef = 55117BC424FAA2220047D54A /* EndpointConfiguration.swift */; };
		55117BC924FAA2830047D54A /* URLRequestProtocol.swift in Sources */ = {isa = PBXBuildFile; fileRef = 55117BC824FAA2830047D54A /* URLRequestProtocol.swift */; };
		55117BCB24FAA2BA0047D54A /* URLRequestProtocolExtensions.swift in Sources */ = {isa = PBXBuildFile; fileRef = 55117BCA24FAA2BA0047D54A /* URLRequestProtocolExtensions.swift */; };
		55117BCD24FAA2FA0047D54A /* BaseURL.swift in Sources */ = {isa = PBXBuildFile; fileRef = 55117BCC24FAA2FA0047D54A /* BaseURL.swift */; };
		55117BCF24FAA3B40047D54A /* HttpMethod.swift in Sources */ = {isa = PBXBuildFile; fileRef = 55117BCE24FAA3B40047D54A /* HttpMethod.swift */; };
		55117BD124FAACB90047D54A /* DataStoreMutationType.swift in Sources */ = {isa = PBXBuildFile; fileRef = 55117BD024FAACB90047D54A /* DataStoreMutationType.swift */; };
		55117BD324FAAFB70047D54A /* APIManager.swift in Sources */ = {isa = PBXBuildFile; fileRef = 55117BD224FAAFB70047D54A /* APIManager.swift */; };
		55117BD524FAB0180047D54A /* ResponseError.swift in Sources */ = {isa = PBXBuildFile; fileRef = 55117BD424FAB0180047D54A /* ResponseError.swift */; };
		55117BD724FAB05C0047D54A /* APIManagerProtocol.swift in Sources */ = {isa = PBXBuildFile; fileRef = 55117BD624FAB05C0047D54A /* APIManagerProtocol.swift */; };
		55117BDB24FB1C130047D54A /* NetworkManager.swift in Sources */ = {isa = PBXBuildFile; fileRef = 55117BDA24FB1C130047D54A /* NetworkManager.swift */; };
		55117BDD24FB27710047D54A /* KeychainManager.swift in Sources */ = {isa = PBXBuildFile; fileRef = 55117BDC24FB27710047D54A /* KeychainManager.swift */; };
		55117BDF24FB27AD0047D54A /* DataExtensions.swift in Sources */ = {isa = PBXBuildFile; fileRef = 55117BDE24FB27AD0047D54A /* DataExtensions.swift */; };
		55117BE524FB33950047D54A /* HttpHeader.swift in Sources */ = {isa = PBXBuildFile; fileRef = 55117BE424FB33950047D54A /* HttpHeader.swift */; };
		55117BE724FB35280047D54A /* APIManagerInjector.swift in Sources */ = {isa = PBXBuildFile; fileRef = 55117BE624FB35280047D54A /* APIManagerInjector.swift */; };
		55117BE924FB35F40047D54A /* KeychainManagerInjector.swift in Sources */ = {isa = PBXBuildFile; fileRef = 55117BE824FB35F40047D54A /* KeychainManagerInjector.swift */; };
		55117BEB24FB42750047D54A /* KeychainCategory.swift in Sources */ = {isa = PBXBuildFile; fileRef = 55117BEA24FB42750047D54A /* KeychainCategory.swift */; };
		55117BFB24FB5D610047D54A /* JuvenileExtensions.swift in Sources */ = {isa = PBXBuildFile; fileRef = 55117BFA24FB5D610047D54A /* JuvenileExtensions.swift */; };
		55117C0124FB66970047D54A /* amplifyconfiguration.json in Resources */ = {isa = PBXBuildFile; fileRef = 55117BFE24FB66960047D54A /* amplifyconfiguration.json */; };
		55117C0224FB66970047D54A /* awsconfiguration.json in Resources */ = {isa = PBXBuildFile; fileRef = 55117BFF24FB66970047D54A /* awsconfiguration.json */; };
		55117C0424FB67BF0047D54A /* schema.graphql in Resources */ = {isa = PBXBuildFile; fileRef = 55117C0324FB67BF0047D54A /* schema.graphql */; };
		555DDE3424FDF2FD001CC23D /* VisualEffectView.swift in Sources */ = {isa = PBXBuildFile; fileRef = 555DDE3324FDF2FD001CC23D /* VisualEffectView.swift */; };
		555DDE3624FE133D001CC23D /* ProfileDetailView.swift in Sources */ = {isa = PBXBuildFile; fileRef = 555DDE3524FE133D001CC23D /* ProfileDetailView.swift */; };
		555DDE3824FE1429001CC23D /* ListRowView.swift in Sources */ = {isa = PBXBuildFile; fileRef = 555DDE3724FE1429001CC23D /* ListRowView.swift */; };
		555DDE3B24FE2315001CC23D /* BoxCharacterContainerView.swift in Sources */ = {isa = PBXBuildFile; fileRef = 555DDE3A24FE2315001CC23D /* BoxCharacterContainerView.swift */; };
		555DDE3D24FE26FF001CC23D /* UIManager.swift in Sources */ = {isa = PBXBuildFile; fileRef = 555DDE3C24FE26FF001CC23D /* UIManager.swift */; };
		555DDE3F24FE2AAE001CC23D /* BehaviorLocationManager.swift in Sources */ = {isa = PBXBuildFile; fileRef = 555DDE3E24FE2AAE001CC23D /* BehaviorLocationManager.swift */; };
		555DDE4124FE464B001CC23D /* ProfileIconView.swift in Sources */ = {isa = PBXBuildFile; fileRef = 555DDE4024FE464B001CC23D /* ProfileIconView.swift */; };
		555DDE4324FE46D8001CC23D /* Badge.swift in Sources */ = {isa = PBXBuildFile; fileRef = 555DDE4224FE46D8001CC23D /* Badge.swift */; };
		555DDE4524FE4D63001CC23D /* BehaviorScrollView.swift in Sources */ = {isa = PBXBuildFile; fileRef = 555DDE4424FE4D63001CC23D /* BehaviorScrollView.swift */; };
		555DDE4724FE4DC0001CC23D /* BehaviorCardView.swift in Sources */ = {isa = PBXBuildFile; fileRef = 555DDE4624FE4DC0001CC23D /* BehaviorCardView.swift */; };
		555DDE4924FE6238001CC23D /* JuvenileScrollView.swift in Sources */ = {isa = PBXBuildFile; fileRef = 555DDE4824FE6238001CC23D /* JuvenileScrollView.swift */; };
		555DDE6024FFC244001CC23D /* CategoryExtensions.swift in Sources */ = {isa = PBXBuildFile; fileRef = 555DDE5F24FFC244001CC23D /* CategoryExtensions.swift */; };
		555DDE6224FFEA87001CC23D /* LocationSelectorView.swift in Sources */ = {isa = PBXBuildFile; fileRef = 555DDE6124FFEA87001CC23D /* LocationSelectorView.swift */; };
		555DDF0F25006338001CC23D /* BucketManager.swift in Sources */ = {isa = PBXBuildFile; fileRef = 555DDF0E25006338001CC23D /* BucketManager.swift */; };
		555DDF1125006699001CC23D /* NetworkManagerInjector.swift in Sources */ = {isa = PBXBuildFile; fileRef = 555DDF1025006699001CC23D /* NetworkManagerInjector.swift */; };
		555DDF3825006F2F001CC23D /* Location.swift in Sources */ = {isa = PBXBuildFile; fileRef = 555DDF2C25006F2F001CC23D /* Location.swift */; };
		555DDF3925006F2F001CC23D /* Bucket.swift in Sources */ = {isa = PBXBuildFile; fileRef = 555DDF2D25006F2F001CC23D /* Bucket.swift */; };
		555DDF3A25006F2F001CC23D /* AmplifyModels.swift in Sources */ = {isa = PBXBuildFile; fileRef = 555DDF2E25006F2F001CC23D /* AmplifyModels.swift */; };
		555DDF3B25006F2F001CC23D /* Bucket+Schema.swift in Sources */ = {isa = PBXBuildFile; fileRef = 555DDF2F25006F2F001CC23D /* Bucket+Schema.swift */; };
		555DDF3C25006F2F001CC23D /* Post+Schema.swift in Sources */ = {isa = PBXBuildFile; fileRef = 555DDF3025006F2F001CC23D /* Post+Schema.swift */; };
		555DDF3D25006F2F001CC23D /* Juvenile+Schema.swift in Sources */ = {isa = PBXBuildFile; fileRef = 555DDF3125006F2F001CC23D /* Juvenile+Schema.swift */; };
		555DDF3E25006F2F001CC23D /* Location+Schema.swift in Sources */ = {isa = PBXBuildFile; fileRef = 555DDF3225006F2F001CC23D /* Location+Schema.swift */; };
		555DDF3F25006F2F001CC23D /* Category.swift in Sources */ = {isa = PBXBuildFile; fileRef = 555DDF3325006F2F001CC23D /* Category.swift */; };
		555DDF4025006F2F001CC23D /* Post.swift in Sources */ = {isa = PBXBuildFile; fileRef = 555DDF3425006F2F001CC23D /* Post.swift */; };
		555DDF4125006F2F001CC23D /* Juvenile.swift in Sources */ = {isa = PBXBuildFile; fileRef = 555DDF3525006F2F001CC23D /* Juvenile.swift */; };
		555DDF4225006F2F001CC23D /* Behavior.swift in Sources */ = {isa = PBXBuildFile; fileRef = 555DDF3625006F2F001CC23D /* Behavior.swift */; };
		555DDF4325006F2F001CC23D /* Behavior+Schema.swift in Sources */ = {isa = PBXBuildFile; fileRef = 555DDF3725006F2F001CC23D /* Behavior+Schema.swift */; };
		55734D10250206CF004C2F01 /* JSONUtility.swift in Sources */ = {isa = PBXBuildFile; fileRef = 55734D0F250206CF004C2F01 /* JSONUtility.swift */; };
		557465AD24FB9BF200C8138F /* ProfileView.swift in Sources */ = {isa = PBXBuildFile; fileRef = 557465AC24FB9BF200C8138F /* ProfileView.swift */; };
		557465B424FBA2D600C8138F /* EmbeddedCaptureSessionViewController.swift in Sources */ = {isa = PBXBuildFile; fileRef = 557465B324FBA2D600C8138F /* EmbeddedCaptureSessionViewController.swift */; };
		557465B624FBA39200C8138F /* CaptureSessionSetup.swift in Sources */ = {isa = PBXBuildFile; fileRef = 557465B524FBA39200C8138F /* CaptureSessionSetup.swift */; };
		5574668E24FC770C00C8138F /* CredentialsProvider.swift in Sources */ = {isa = PBXBuildFile; fileRef = 5574668D24FC770C00C8138F /* CredentialsProvider.swift */; };
		559FCCA724FB7C5F007763B4 /* BehaviorExtensions.swift in Sources */ = {isa = PBXBuildFile; fileRef = 559FCCA624FB7C5F007763B4 /* BehaviorExtensions.swift */; };
		559FCCA924FB80D1007763B4 /* LocationExtensions.swift in Sources */ = {isa = PBXBuildFile; fileRef = 559FCCA824FB80D1007763B4 /* LocationExtensions.swift */; };
		559FCCAB24FB93A9007763B4 /* ImageExtensions.swift in Sources */ = {isa = PBXBuildFile; fileRef = 559FCCAA24FB93A9007763B4 /* ImageExtensions.swift */; };
		559FCCAD24FB93E0007763B4 /* SystemImage.swift in Sources */ = {isa = PBXBuildFile; fileRef = 559FCCAC24FB93E0007763B4 /* SystemImage.swift */; };
		559FCCB224FB95B6007763B4 /* Localizable.strings in Resources */ = {isa = PBXBuildFile; fileRef = 559FCCB424FB95B6007763B4 /* Localizable.strings */; };
		559FCCB824FB9631007763B4 /* LocalizationUtil.swift in Sources */ = {isa = PBXBuildFile; fileRef = 559FCCB724FB9631007763B4 /* LocalizationUtil.swift */; };
		559FCCBA24FB9827007763B4 /* LocalizationKey.swift in Sources */ = {isa = PBXBuildFile; fileRef = 559FCCB924FB9827007763B4 /* LocalizationKey.swift */; };
		55BA839524FA63D4009356DC /* AppDelegate.swift in Sources */ = {isa = PBXBuildFile; fileRef = 55BA839424FA63D4009356DC /* AppDelegate.swift */; };
		55BA839724FA63D4009356DC /* SceneDelegate.swift in Sources */ = {isa = PBXBuildFile; fileRef = 55BA839624FA63D4009356DC /* SceneDelegate.swift */; };
		55BA839924FA63D4009356DC /* AppView.swift in Sources */ = {isa = PBXBuildFile; fileRef = 55BA839824FA63D4009356DC /* AppView.swift */; };
		55BA839B24FA63DA009356DC /* Assets.xcassets in Resources */ = {isa = PBXBuildFile; fileRef = 55BA839A24FA63DA009356DC /* Assets.xcassets */; };
		55BA839E24FA63DA009356DC /* Preview Assets.xcassets in Resources */ = {isa = PBXBuildFile; fileRef = 55BA839D24FA63DA009356DC /* Preview Assets.xcassets */; };
		55BA83A124FA63DA009356DC /* LaunchScreen.storyboard in Resources */ = {isa = PBXBuildFile; fileRef = 55BA839F24FA63DA009356DC /* LaunchScreen.storyboard */; };
		55D3BF3A24FD104600FD5236 /* QueueDrawer.swift in Sources */ = {isa = PBXBuildFile; fileRef = 55D3BF3924FD104600FD5236 /* QueueDrawer.swift */; };
		55D3BF3C24FD215900FD5236 /* CornerRadiusExtensions.swift in Sources */ = {isa = PBXBuildFile; fileRef = 55D3BF3B24FD215900FD5236 /* CornerRadiusExtensions.swift */; };
		55E18C2C24FA6D7800820CE3 /* AuthManager.swift in Sources */ = {isa = PBXBuildFile; fileRef = 55E18C2B24FA6D7800820CE3 /* AuthManager.swift */; };
		55E18C2F24FA6E9000820CE3 /* LoggerExtensions.swift in Sources */ = {isa = PBXBuildFile; fileRef = 55E18C2E24FA6E9000820CE3 /* LoggerExtensions.swift */; };
		55E18C3224FA6F1700820CE3 /* LogCategory.swift in Sources */ = {isa = PBXBuildFile; fileRef = 55E18C3124FA6F1700820CE3 /* LogCategory.swift */; };
		55E18C3724FA71EF00820CE3 /* SignInView.swift in Sources */ = {isa = PBXBuildFile; fileRef = 55E18C3624FA71EF00820CE3 /* SignInView.swift */; };
		55E18C3D24FA776100820CE3 /* ScanView.swift in Sources */ = {isa = PBXBuildFile; fileRef = 55E18C3C24FA776100820CE3 /* ScanView.swift */; };
/* End PBXBuildFile section */

/* Begin PBXFileReference section */
		55117BBD24FA98E90047D54A /* AmplifyConfigurator.swift */ = {isa = PBXFileReference; lastKnownFileType = sourcecode.swift; path = AmplifyConfigurator.swift; sourceTree = "<group>"; };
		55117BBF24FA9D650047D54A /* JuvenileManager.swift */ = {isa = PBXFileReference; lastKnownFileType = sourcecode.swift; path = JuvenileManager.swift; sourceTree = "<group>"; };
		55117BC124FAA1BA0047D54A /* Endpoint.swift */ = {isa = PBXFileReference; lastKnownFileType = sourcecode.swift; path = Endpoint.swift; sourceTree = "<group>"; };
		55117BC424FAA2220047D54A /* EndpointConfiguration.swift */ = {isa = PBXFileReference; lastKnownFileType = sourcecode.swift; path = EndpointConfiguration.swift; sourceTree = "<group>"; };
		55117BC824FAA2830047D54A /* URLRequestProtocol.swift */ = {isa = PBXFileReference; lastKnownFileType = sourcecode.swift; path = URLRequestProtocol.swift; sourceTree = "<group>"; };
		55117BCA24FAA2BA0047D54A /* URLRequestProtocolExtensions.swift */ = {isa = PBXFileReference; lastKnownFileType = sourcecode.swift; path = URLRequestProtocolExtensions.swift; sourceTree = "<group>"; };
		55117BCC24FAA2FA0047D54A /* BaseURL.swift */ = {isa = PBXFileReference; lastKnownFileType = sourcecode.swift; path = BaseURL.swift; sourceTree = "<group>"; };
		55117BCE24FAA3B40047D54A /* HttpMethod.swift */ = {isa = PBXFileReference; lastKnownFileType = sourcecode.swift; path = HttpMethod.swift; sourceTree = "<group>"; };
		55117BD024FAACB90047D54A /* DataStoreMutationType.swift */ = {isa = PBXFileReference; lastKnownFileType = sourcecode.swift; path = DataStoreMutationType.swift; sourceTree = "<group>"; };
		55117BD224FAAFB70047D54A /* APIManager.swift */ = {isa = PBXFileReference; lastKnownFileType = sourcecode.swift; path = APIManager.swift; sourceTree = "<group>"; };
		55117BD424FAB0180047D54A /* ResponseError.swift */ = {isa = PBXFileReference; lastKnownFileType = sourcecode.swift; path = ResponseError.swift; sourceTree = "<group>"; };
		55117BD624FAB05C0047D54A /* APIManagerProtocol.swift */ = {isa = PBXFileReference; lastKnownFileType = sourcecode.swift; path = APIManagerProtocol.swift; sourceTree = "<group>"; };
		55117BDA24FB1C130047D54A /* NetworkManager.swift */ = {isa = PBXFileReference; lastKnownFileType = sourcecode.swift; path = NetworkManager.swift; sourceTree = "<group>"; };
		55117BDC24FB27710047D54A /* KeychainManager.swift */ = {isa = PBXFileReference; lastKnownFileType = sourcecode.swift; path = KeychainManager.swift; sourceTree = "<group>"; };
		55117BDE24FB27AD0047D54A /* DataExtensions.swift */ = {isa = PBXFileReference; lastKnownFileType = sourcecode.swift; path = DataExtensions.swift; sourceTree = "<group>"; };
		55117BE424FB33950047D54A /* HttpHeader.swift */ = {isa = PBXFileReference; lastKnownFileType = sourcecode.swift; path = HttpHeader.swift; sourceTree = "<group>"; };
		55117BE624FB35280047D54A /* APIManagerInjector.swift */ = {isa = PBXFileReference; lastKnownFileType = sourcecode.swift; path = APIManagerInjector.swift; sourceTree = "<group>"; };
		55117BE824FB35F40047D54A /* KeychainManagerInjector.swift */ = {isa = PBXFileReference; lastKnownFileType = sourcecode.swift; path = KeychainManagerInjector.swift; sourceTree = "<group>"; };
		55117BEA24FB42750047D54A /* KeychainCategory.swift */ = {isa = PBXFileReference; lastKnownFileType = sourcecode.swift; path = KeychainCategory.swift; sourceTree = "<group>"; };
		55117BFA24FB5D610047D54A /* JuvenileExtensions.swift */ = {isa = PBXFileReference; lastKnownFileType = sourcecode.swift; path = JuvenileExtensions.swift; sourceTree = "<group>"; };
		55117BFE24FB66960047D54A /* amplifyconfiguration.json */ = {isa = PBXFileReference; fileEncoding = 4; lastKnownFileType = text.json; path = amplifyconfiguration.json; sourceTree = SOURCE_ROOT; };
		55117BFF24FB66970047D54A /* awsconfiguration.json */ = {isa = PBXFileReference; fileEncoding = 4; lastKnownFileType = text.json; path = awsconfiguration.json; sourceTree = SOURCE_ROOT; };
		55117C0324FB67BF0047D54A /* schema.graphql */ = {isa = PBXFileReference; lastKnownFileType = text; name = schema.graphql; path = amplify/backend/api/pbisscanner/schema.graphql; sourceTree = SOURCE_ROOT; };
		555DDE3324FDF2FD001CC23D /* VisualEffectView.swift */ = {isa = PBXFileReference; lastKnownFileType = sourcecode.swift; path = VisualEffectView.swift; sourceTree = "<group>"; };
		555DDE3524FE133D001CC23D /* ProfileDetailView.swift */ = {isa = PBXFileReference; lastKnownFileType = sourcecode.swift; path = ProfileDetailView.swift; sourceTree = "<group>"; };
		555DDE3724FE1429001CC23D /* ListRowView.swift */ = {isa = PBXFileReference; lastKnownFileType = sourcecode.swift; path = ListRowView.swift; sourceTree = "<group>"; };
		555DDE3A24FE2315001CC23D /* BoxCharacterContainerView.swift */ = {isa = PBXFileReference; lastKnownFileType = sourcecode.swift; path = BoxCharacterContainerView.swift; sourceTree = "<group>"; };
		555DDE3C24FE26FF001CC23D /* UIManager.swift */ = {isa = PBXFileReference; lastKnownFileType = sourcecode.swift; path = UIManager.swift; sourceTree = "<group>"; };
		555DDE3E24FE2AAE001CC23D /* BehaviorLocationManager.swift */ = {isa = PBXFileReference; lastKnownFileType = sourcecode.swift; path = BehaviorLocationManager.swift; sourceTree = "<group>"; };
		555DDE4024FE464B001CC23D /* ProfileIconView.swift */ = {isa = PBXFileReference; lastKnownFileType = sourcecode.swift; path = ProfileIconView.swift; sourceTree = "<group>"; };
		555DDE4224FE46D8001CC23D /* Badge.swift */ = {isa = PBXFileReference; lastKnownFileType = sourcecode.swift; path = Badge.swift; sourceTree = "<group>"; };
		555DDE4424FE4D63001CC23D /* BehaviorScrollView.swift */ = {isa = PBXFileReference; lastKnownFileType = sourcecode.swift; path = BehaviorScrollView.swift; sourceTree = "<group>"; };
		555DDE4624FE4DC0001CC23D /* BehaviorCardView.swift */ = {isa = PBXFileReference; lastKnownFileType = sourcecode.swift; path = BehaviorCardView.swift; sourceTree = "<group>"; };
		555DDE4824FE6238001CC23D /* JuvenileScrollView.swift */ = {isa = PBXFileReference; lastKnownFileType = sourcecode.swift; path = JuvenileScrollView.swift; sourceTree = "<group>"; };
		555DDE5F24FFC244001CC23D /* CategoryExtensions.swift */ = {isa = PBXFileReference; lastKnownFileType = sourcecode.swift; path = CategoryExtensions.swift; sourceTree = "<group>"; };
		555DDE6124FFEA87001CC23D /* LocationSelectorView.swift */ = {isa = PBXFileReference; lastKnownFileType = sourcecode.swift; path = LocationSelectorView.swift; sourceTree = "<group>"; };
		555DDF0E25006338001CC23D /* BucketManager.swift */ = {isa = PBXFileReference; lastKnownFileType = sourcecode.swift; path = BucketManager.swift; sourceTree = "<group>"; };
		555DDF1025006699001CC23D /* NetworkManagerInjector.swift */ = {isa = PBXFileReference; fileEncoding = 4; lastKnownFileType = sourcecode.swift; path = NetworkManagerInjector.swift; sourceTree = "<group>"; };
		555DDF2C25006F2F001CC23D /* Location.swift */ = {isa = PBXFileReference; fileEncoding = 4; lastKnownFileType = sourcecode.swift; path = Location.swift; sourceTree = "<group>"; };
		555DDF2D25006F2F001CC23D /* Bucket.swift */ = {isa = PBXFileReference; fileEncoding = 4; lastKnownFileType = sourcecode.swift; path = Bucket.swift; sourceTree = "<group>"; };
		555DDF2E25006F2F001CC23D /* AmplifyModels.swift */ = {isa = PBXFileReference; fileEncoding = 4; lastKnownFileType = sourcecode.swift; path = AmplifyModels.swift; sourceTree = "<group>"; };
		555DDF2F25006F2F001CC23D /* Bucket+Schema.swift */ = {isa = PBXFileReference; fileEncoding = 4; lastKnownFileType = sourcecode.swift; path = "Bucket+Schema.swift"; sourceTree = "<group>"; };
		555DDF3025006F2F001CC23D /* Post+Schema.swift */ = {isa = PBXFileReference; fileEncoding = 4; lastKnownFileType = sourcecode.swift; path = "Post+Schema.swift"; sourceTree = "<group>"; };
		555DDF3125006F2F001CC23D /* Juvenile+Schema.swift */ = {isa = PBXFileReference; fileEncoding = 4; lastKnownFileType = sourcecode.swift; path = "Juvenile+Schema.swift"; sourceTree = "<group>"; };
		555DDF3225006F2F001CC23D /* Location+Schema.swift */ = {isa = PBXFileReference; fileEncoding = 4; lastKnownFileType = sourcecode.swift; path = "Location+Schema.swift"; sourceTree = "<group>"; };
		555DDF3325006F2F001CC23D /* Category.swift */ = {isa = PBXFileReference; fileEncoding = 4; lastKnownFileType = sourcecode.swift; path = Category.swift; sourceTree = "<group>"; };
		555DDF3425006F2F001CC23D /* Post.swift */ = {isa = PBXFileReference; fileEncoding = 4; lastKnownFileType = sourcecode.swift; path = Post.swift; sourceTree = "<group>"; };
		555DDF3525006F2F001CC23D /* Juvenile.swift */ = {isa = PBXFileReference; fileEncoding = 4; lastKnownFileType = sourcecode.swift; path = Juvenile.swift; sourceTree = "<group>"; };
		555DDF3625006F2F001CC23D /* Behavior.swift */ = {isa = PBXFileReference; fileEncoding = 4; lastKnownFileType = sourcecode.swift; path = Behavior.swift; sourceTree = "<group>"; };
		555DDF3725006F2F001CC23D /* Behavior+Schema.swift */ = {isa = PBXFileReference; fileEncoding = 4; lastKnownFileType = sourcecode.swift; path = "Behavior+Schema.swift"; sourceTree = "<group>"; };
		55734D0F250206CF004C2F01 /* JSONUtility.swift */ = {isa = PBXFileReference; lastKnownFileType = sourcecode.swift; path = JSONUtility.swift; sourceTree = "<group>"; };
		557465AC24FB9BF200C8138F /* ProfileView.swift */ = {isa = PBXFileReference; lastKnownFileType = sourcecode.swift; path = ProfileView.swift; sourceTree = "<group>"; };
		557465B324FBA2D600C8138F /* EmbeddedCaptureSessionViewController.swift */ = {isa = PBXFileReference; fileEncoding = 4; lastKnownFileType = sourcecode.swift; path = EmbeddedCaptureSessionViewController.swift; sourceTree = "<group>"; };
		557465B524FBA39200C8138F /* CaptureSessionSetup.swift */ = {isa = PBXFileReference; lastKnownFileType = sourcecode.swift; path = CaptureSessionSetup.swift; sourceTree = "<group>"; };
		5574668D24FC770C00C8138F /* CredentialsProvider.swift */ = {isa = PBXFileReference; lastKnownFileType = sourcecode.swift; path = CredentialsProvider.swift; sourceTree = "<group>"; };
		559FCCA624FB7C5F007763B4 /* BehaviorExtensions.swift */ = {isa = PBXFileReference; lastKnownFileType = sourcecode.swift; path = BehaviorExtensions.swift; sourceTree = "<group>"; };
		559FCCA824FB80D1007763B4 /* LocationExtensions.swift */ = {isa = PBXFileReference; lastKnownFileType = sourcecode.swift; path = LocationExtensions.swift; sourceTree = "<group>"; };
		559FCCAA24FB93A9007763B4 /* ImageExtensions.swift */ = {isa = PBXFileReference; lastKnownFileType = sourcecode.swift; path = ImageExtensions.swift; sourceTree = "<group>"; };
		559FCCAC24FB93E0007763B4 /* SystemImage.swift */ = {isa = PBXFileReference; lastKnownFileType = sourcecode.swift; path = SystemImage.swift; sourceTree = "<group>"; };
		559FCCB124FB959E007763B4 /* zh-Hans */ = {isa = PBXFileReference; lastKnownFileType = text.plist.strings; name = "zh-Hans"; path = "zh-Hans.lproj/LaunchScreen.strings"; sourceTree = "<group>"; };
		559FCCB324FB95B6007763B4 /* en */ = {isa = PBXFileReference; lastKnownFileType = text.plist.strings; name = en; path = en.lproj/Localizable.strings; sourceTree = "<group>"; };
		559FCCB524FB95BD007763B4 /* zh-Hans */ = {isa = PBXFileReference; lastKnownFileType = text.plist.strings; name = "zh-Hans"; path = "zh-Hans.lproj/Localizable.strings"; sourceTree = "<group>"; };
		559FCCB724FB9631007763B4 /* LocalizationUtil.swift */ = {isa = PBXFileReference; lastKnownFileType = sourcecode.swift; path = LocalizationUtil.swift; sourceTree = "<group>"; };
		559FCCB924FB9827007763B4 /* LocalizationKey.swift */ = {isa = PBXFileReference; lastKnownFileType = sourcecode.swift; path = LocalizationKey.swift; sourceTree = "<group>"; };
		55BA839124FA63D4009356DC /* PBIS Scanner.app */ = {isa = PBXFileReference; explicitFileType = wrapper.application; includeInIndex = 0; path = "PBIS Scanner.app"; sourceTree = BUILT_PRODUCTS_DIR; };
		55BA839424FA63D4009356DC /* AppDelegate.swift */ = {isa = PBXFileReference; lastKnownFileType = sourcecode.swift; path = AppDelegate.swift; sourceTree = "<group>"; };
		55BA839624FA63D4009356DC /* SceneDelegate.swift */ = {isa = PBXFileReference; lastKnownFileType = sourcecode.swift; path = SceneDelegate.swift; sourceTree = "<group>"; };
		55BA839824FA63D4009356DC /* AppView.swift */ = {isa = PBXFileReference; lastKnownFileType = sourcecode.swift; path = AppView.swift; sourceTree = "<group>"; };
		55BA839A24FA63DA009356DC /* Assets.xcassets */ = {isa = PBXFileReference; lastKnownFileType = folder.assetcatalog; path = Assets.xcassets; sourceTree = "<group>"; };
		55BA839D24FA63DA009356DC /* Preview Assets.xcassets */ = {isa = PBXFileReference; lastKnownFileType = folder.assetcatalog; path = "Preview Assets.xcassets"; sourceTree = "<group>"; };
		55BA83A024FA63DA009356DC /* Base */ = {isa = PBXFileReference; lastKnownFileType = file.storyboard; name = Base; path = Base.lproj/LaunchScreen.storyboard; sourceTree = "<group>"; };
		55BA83A224FA63DA009356DC /* Info.plist */ = {isa = PBXFileReference; lastKnownFileType = text.plist.xml; path = Info.plist; sourceTree = "<group>"; };
		55D3BF3924FD104600FD5236 /* QueueDrawer.swift */ = {isa = PBXFileReference; lastKnownFileType = sourcecode.swift; path = QueueDrawer.swift; sourceTree = "<group>"; };
		55D3BF3B24FD215900FD5236 /* CornerRadiusExtensions.swift */ = {isa = PBXFileReference; lastKnownFileType = sourcecode.swift; path = CornerRadiusExtensions.swift; sourceTree = "<group>"; };
		55E18C2B24FA6D7800820CE3 /* AuthManager.swift */ = {isa = PBXFileReference; lastKnownFileType = sourcecode.swift; path = AuthManager.swift; sourceTree = "<group>"; };
		55E18C2E24FA6E9000820CE3 /* LoggerExtensions.swift */ = {isa = PBXFileReference; lastKnownFileType = sourcecode.swift; path = LoggerExtensions.swift; sourceTree = "<group>"; };
		55E18C3124FA6F1700820CE3 /* LogCategory.swift */ = {isa = PBXFileReference; lastKnownFileType = sourcecode.swift; path = LogCategory.swift; sourceTree = "<group>"; };
		55E18C3624FA71EF00820CE3 /* SignInView.swift */ = {isa = PBXFileReference; lastKnownFileType = sourcecode.swift; path = SignInView.swift; sourceTree = "<group>"; };
		55E18C3C24FA776100820CE3 /* ScanView.swift */ = {isa = PBXFileReference; lastKnownFileType = sourcecode.swift; path = ScanView.swift; sourceTree = "<group>"; };
		7E496EA33889CEB2F18ABD00 /* Pods-PBIS Scanner.release.xcconfig */ = {isa = PBXFileReference; includeInIndex = 1; lastKnownFileType = text.xcconfig; name = "Pods-PBIS Scanner.release.xcconfig"; path = "Target Support Files/Pods-PBIS Scanner/Pods-PBIS Scanner.release.xcconfig"; sourceTree = "<group>"; };
		E0274966E7C788BEF511419F /* Pods-PBIS Scanner.debug.xcconfig */ = {isa = PBXFileReference; includeInIndex = 1; lastKnownFileType = text.xcconfig; name = "Pods-PBIS Scanner.debug.xcconfig"; path = "Target Support Files/Pods-PBIS Scanner/Pods-PBIS Scanner.debug.xcconfig"; sourceTree = "<group>"; };
		F71E722ED32FCB03755931A5 /* Pods_PBIS_Scanner.framework */ = {isa = PBXFileReference; explicitFileType = wrapper.framework; includeInIndex = 0; path = Pods_PBIS_Scanner.framework; sourceTree = BUILT_PRODUCTS_DIR; };
/* End PBXFileReference section */

/* Begin PBXFrameworksBuildPhase section */
		55BA838E24FA63D4009356DC /* Frameworks */ = {
			isa = PBXFrameworksBuildPhase;
			buildActionMask = 2147483647;
			files = (
				209342999DC3437A0042A3DE /* Pods_PBIS_Scanner.framework in Frameworks */,
			);
			runOnlyForDeploymentPostprocessing = 0;
		};
/* End PBXFrameworksBuildPhase section */

/* Begin PBXGroup section */
		55117BC324FAA20A0047D54A /* Structs */ = {
			isa = PBXGroup;
			children = (
				55117BC424FAA2220047D54A /* EndpointConfiguration.swift */,
			);
			path = Structs;
			sourceTree = "<group>";
		};
		55117BC624FAA2620047D54A /* Protocols */ = {
			isa = PBXGroup;
			children = (
				555DDF1025006699001CC23D /* NetworkManagerInjector.swift */,
				55117BC824FAA2830047D54A /* URLRequestProtocol.swift */,
				55117BD624FAB05C0047D54A /* APIManagerProtocol.swift */,
				55117BE624FB35280047D54A /* APIManagerInjector.swift */,
				55117BE824FB35F40047D54A /* KeychainManagerInjector.swift */,
				5574668D24FC770C00C8138F /* CredentialsProvider.swift */,
				557465B524FBA39200C8138F /* CaptureSessionSetup.swift */,
			);
			path = Protocols;
			sourceTree = "<group>";
		};
		55117BF924FB5D4C0047D54A /* models */ = {
			isa = PBXGroup;
			children = (
				55117BFA24FB5D610047D54A /* JuvenileExtensions.swift */,
				559FCCA624FB7C5F007763B4 /* BehaviorExtensions.swift */,
				559FCCA824FB80D1007763B4 /* LocationExtensions.swift */,
				555DDE5F24FFC244001CC23D /* CategoryExtensions.swift */,
			);
			path = models;
			sourceTree = "<group>";
		};
		55117BFC24FB665A0047D54A /* AmplifyConfig */ = {
			isa = PBXGroup;
			children = (
				55117BFE24FB66960047D54A /* amplifyconfiguration.json */,
				55117BFF24FB66970047D54A /* awsconfiguration.json */,
				55117C0324FB67BF0047D54A /* schema.graphql */,
			);
			path = AmplifyConfig;
			sourceTree = "<group>";
		};
		555DDE3924FE22F0001CC23D /* Custom */ = {
			isa = PBXGroup;
			children = (
				555DDE3324FDF2FD001CC23D /* VisualEffectView.swift */,
				555DDE3724FE1429001CC23D /* ListRowView.swift */,
				555DDE3A24FE2315001CC23D /* BoxCharacterContainerView.swift */,
				555DDE4024FE464B001CC23D /* ProfileIconView.swift */,
			);
			path = Custom;
			sourceTree = "<group>";
		};
		555DDF2B25006F2F001CC23D /* models */ = {
			isa = PBXGroup;
			children = (
				555DDF2C25006F2F001CC23D /* Location.swift */,
				555DDF2D25006F2F001CC23D /* Bucket.swift */,
				555DDF2E25006F2F001CC23D /* AmplifyModels.swift */,
				555DDF2F25006F2F001CC23D /* Bucket+Schema.swift */,
				555DDF3025006F2F001CC23D /* Post+Schema.swift */,
				555DDF3125006F2F001CC23D /* Juvenile+Schema.swift */,
				555DDF3225006F2F001CC23D /* Location+Schema.swift */,
				555DDF3325006F2F001CC23D /* Category.swift */,
				555DDF3425006F2F001CC23D /* Post.swift */,
				555DDF3525006F2F001CC23D /* Juvenile.swift */,
				555DDF3625006F2F001CC23D /* Behavior.swift */,
				555DDF3725006F2F001CC23D /* Behavior+Schema.swift */,
			);
			name = models;
			path = amplify/generated/models;
			sourceTree = "<group>";
		};
		557465AE24FB9CB100C8138F /* View Controllers */ = {
			isa = PBXGroup;
			children = (
				557465B324FBA2D600C8138F /* EmbeddedCaptureSessionViewController.swift */,
			);
			path = "View Controllers";
			sourceTree = "<group>";
		};
		559FCCB024FB9517007763B4 /* Localization */ = {
			isa = PBXGroup;
			children = (
				559FCCB724FB9631007763B4 /* LocalizationUtil.swift */,
				559FCCB924FB9827007763B4 /* LocalizationKey.swift */,
				559FCCB424FB95B6007763B4 /* Localizable.strings */,
			);
			path = Localization;
			sourceTree = "<group>";
		};
		55BA838824FA63D4009356DC = {
			isa = PBXGroup;
			children = (
				555DDF2B25006F2F001CC23D /* models */,
				55117BFC24FB665A0047D54A /* AmplifyConfig */,
				55BA839324FA63D4009356DC /* PBIS Scanner */,
				55BA839224FA63D4009356DC /* Products */,
				AC2418D0FA781B0E1A64C37E /* Pods */,
				8E1A9D7980B300005193D9F9 /* Frameworks */,
			);
			sourceTree = "<group>";
		};
		55BA839224FA63D4009356DC /* Products */ = {
			isa = PBXGroup;
			children = (
				55BA839124FA63D4009356DC /* PBIS Scanner.app */,
			);
			name = Products;
			sourceTree = "<group>";
		};
		55BA839324FA63D4009356DC /* PBIS Scanner */ = {
			isa = PBXGroup;
			children = (
				559FCCB024FB9517007763B4 /* Localization */,
				55E18C3424FA71C500820CE3 /* Delegates */,
				55E18C3024FA6EE600820CE3 /* Enums */,
				55117BC324FAA20A0047D54A /* Structs */,
				55E18C2A24FA6D6E00820CE3 /* Managers */,
				55117BC624FAA2620047D54A /* Protocols */,
				55E18C2D24FA6E6500820CE3 /* Extensions */,
				557465AE24FB9CB100C8138F /* View Controllers */,
				55E18C3324FA71A900820CE3 /* Views */,
				55BA839A24FA63DA009356DC /* Assets.xcassets */,
				55BA839F24FA63DA009356DC /* LaunchScreen.storyboard */,
				55BA83A224FA63DA009356DC /* Info.plist */,
				55BA839C24FA63DA009356DC /* Preview Content */,
				55734D0F250206CF004C2F01 /* JSONUtility.swift */,
			);
			path = "PBIS Scanner";
			sourceTree = "<group>";
		};
		55BA839C24FA63DA009356DC /* Preview Content */ = {
			isa = PBXGroup;
			children = (
				55BA839D24FA63DA009356DC /* Preview Assets.xcassets */,
			);
			path = "Preview Content";
			sourceTree = "<group>";
		};
		55E18C2A24FA6D6E00820CE3 /* Managers */ = {
			isa = PBXGroup;
			children = (
				55117BBD24FA98E90047D54A /* AmplifyConfigurator.swift */,
				55117BD224FAAFB70047D54A /* APIManager.swift */,
				55E18C2B24FA6D7800820CE3 /* AuthManager.swift */,
				55117BBF24FA9D650047D54A /* JuvenileManager.swift */,
				555DDE3E24FE2AAE001CC23D /* BehaviorLocationManager.swift */,
				55117BDA24FB1C130047D54A /* NetworkManager.swift */,
				55117BDC24FB27710047D54A /* KeychainManager.swift */,
				555DDE3C24FE26FF001CC23D /* UIManager.swift */,
				555DDF0E25006338001CC23D /* BucketManager.swift */,
			);
			path = Managers;
			sourceTree = "<group>";
		};
		55E18C2D24FA6E6500820CE3 /* Extensions */ = {
			isa = PBXGroup;
			children = (
				55117BF924FB5D4C0047D54A /* models */,
				55D3BF3B24FD215900FD5236 /* CornerRadiusExtensions.swift */,
				55E18C2E24FA6E9000820CE3 /* LoggerExtensions.swift */,
				55117BCA24FAA2BA0047D54A /* URLRequestProtocolExtensions.swift */,
				55117BDE24FB27AD0047D54A /* DataExtensions.swift */,
				559FCCAA24FB93A9007763B4 /* ImageExtensions.swift */,
			);
			path = Extensions;
			sourceTree = "<group>";
		};
		55E18C3024FA6EE600820CE3 /* Enums */ = {
			isa = PBXGroup;
			children = (
				55E18C3124FA6F1700820CE3 /* LogCategory.swift */,
				55117BEA24FB42750047D54A /* KeychainCategory.swift */,
				55117BC124FAA1BA0047D54A /* Endpoint.swift */,
				55117BCC24FAA2FA0047D54A /* BaseURL.swift */,
				55117BCE24FAA3B40047D54A /* HttpMethod.swift */,
				55117BE424FB33950047D54A /* HttpHeader.swift */,
				55117BD024FAACB90047D54A /* DataStoreMutationType.swift */,
				55117BD424FAB0180047D54A /* ResponseError.swift */,
				559FCCAC24FB93E0007763B4 /* SystemImage.swift */,
				555DDE4224FE46D8001CC23D /* Badge.swift */,
			);
			path = Enums;
			sourceTree = "<group>";
		};
		55E18C3324FA71A900820CE3 /* Views */ = {
			isa = PBXGroup;
			children = (
				55BA839824FA63D4009356DC /* AppView.swift */,
				555DDE3924FE22F0001CC23D /* Custom */,
				55E18C3B24FA771A00820CE3 /* Signed In */,
				55E18C3524FA71E300820CE3 /* Signed Out */,
			);
			path = Views;
			sourceTree = "<group>";
		};
		55E18C3424FA71C500820CE3 /* Delegates */ = {
			isa = PBXGroup;
			children = (
				55BA839424FA63D4009356DC /* AppDelegate.swift */,
				55BA839624FA63D4009356DC /* SceneDelegate.swift */,
			);
			path = Delegates;
			sourceTree = "<group>";
		};
		55E18C3524FA71E300820CE3 /* Signed Out */ = {
			isa = PBXGroup;
			children = (
				55E18C3624FA71EF00820CE3 /* SignInView.swift */,
			);
			path = "Signed Out";
			sourceTree = "<group>";
		};
		55E18C3B24FA771A00820CE3 /* Signed In */ = {
			isa = PBXGroup;
			children = (
				55E18C3C24FA776100820CE3 /* ScanView.swift */,
				555DDE6124FFEA87001CC23D /* LocationSelectorView.swift */,
				55D3BF3924FD104600FD5236 /* QueueDrawer.swift */,
				555DDE4424FE4D63001CC23D /* BehaviorScrollView.swift */,
				555DDE4624FE4DC0001CC23D /* BehaviorCardView.swift */,
				555DDE4824FE6238001CC23D /* JuvenileScrollView.swift */,
				557465AC24FB9BF200C8138F /* ProfileView.swift */,
				555DDE3524FE133D001CC23D /* ProfileDetailView.swift */,
			);
			path = "Signed In";
			sourceTree = "<group>";
		};
		8E1A9D7980B300005193D9F9 /* Frameworks */ = {
			isa = PBXGroup;
			children = (
				F71E722ED32FCB03755931A5 /* Pods_PBIS_Scanner.framework */,
			);
			name = Frameworks;
			sourceTree = "<group>";
		};
		AC2418D0FA781B0E1A64C37E /* Pods */ = {
			isa = PBXGroup;
			children = (
				E0274966E7C788BEF511419F /* Pods-PBIS Scanner.debug.xcconfig */,
				7E496EA33889CEB2F18ABD00 /* Pods-PBIS Scanner.release.xcconfig */,
			);
			path = Pods;
			sourceTree = "<group>";
		};
/* End PBXGroup section */

/* Begin PBXNativeTarget section */
		55BA839024FA63D4009356DC /* PBIS Scanner */ = {
			isa = PBXNativeTarget;
			buildConfigurationList = 55BA83A524FA63DA009356DC /* Build configuration list for PBXNativeTarget "PBIS Scanner" */;
			buildPhases = (
				3F2A16F8CFE51A886E4707A9 /* [CP] Check Pods Manifest.lock */,
				55BA838D24FA63D4009356DC /* Sources */,
				55BA838E24FA63D4009356DC /* Frameworks */,
				55BA838F24FA63D4009356DC /* Resources */,
				90A2F15DF18452FEAEE68E90 /* [CP] Embed Pods Frameworks */,
			);
			buildRules = (
			);
			dependencies = (
			);
			name = "PBIS Scanner";
			productName = "PBIS Scanner";
			productReference = 55BA839124FA63D4009356DC /* PBIS Scanner.app */;
			productType = "com.apple.product-type.application";
		};
/* End PBXNativeTarget section */

/* Begin PBXProject section */
		55BA838924FA63D4009356DC /* Project object */ = {
			isa = PBXProject;
			attributes = {
				LastSwiftUpdateCheck = 1160;
				LastUpgradeCheck = 1160;
				ORGANIZATIONNAME = DxHub;
				TargetAttributes = {
					55BA839024FA63D4009356DC = {
						CreatedOnToolsVersion = 11.6;
					};
				};
			};
			buildConfigurationList = 55BA838C24FA63D4009356DC /* Build configuration list for PBXProject "PBIS Scanner" */;
			compatibilityVersion = "Xcode 9.3";
			developmentRegion = en;
			hasScannedForEncodings = 0;
			knownRegions = (
				en,
				Base,
				"zh-Hans",
			);
			mainGroup = 55BA838824FA63D4009356DC;
			productRefGroup = 55BA839224FA63D4009356DC /* Products */;
			projectDirPath = "";
			projectRoot = "";
			targets = (
				55BA839024FA63D4009356DC /* PBIS Scanner */,
			);
		};
/* End PBXProject section */

/* Begin PBXResourcesBuildPhase section */
		55BA838F24FA63D4009356DC /* Resources */ = {
			isa = PBXResourcesBuildPhase;
			buildActionMask = 2147483647;
			files = (
				55BA83A124FA63DA009356DC /* LaunchScreen.storyboard in Resources */,
				55117C0224FB66970047D54A /* awsconfiguration.json in Resources */,
				55117C0124FB66970047D54A /* amplifyconfiguration.json in Resources */,
				559FCCB224FB95B6007763B4 /* Localizable.strings in Resources */,
				55BA839E24FA63DA009356DC /* Preview Assets.xcassets in Resources */,
				55117C0424FB67BF0047D54A /* schema.graphql in Resources */,
				55BA839B24FA63DA009356DC /* Assets.xcassets in Resources */,
			);
			runOnlyForDeploymentPostprocessing = 0;
		};
/* End PBXResourcesBuildPhase section */

/* Begin PBXShellScriptBuildPhase section */
		3F2A16F8CFE51A886E4707A9 /* [CP] Check Pods Manifest.lock */ = {
			isa = PBXShellScriptBuildPhase;
			buildActionMask = 2147483647;
			files = (
			);
			inputFileListPaths = (
			);
			inputPaths = (
				"${PODS_PODFILE_DIR_PATH}/Podfile.lock",
				"${PODS_ROOT}/Manifest.lock",
			);
			name = "[CP] Check Pods Manifest.lock";
			outputFileListPaths = (
			);
			outputPaths = (
				"$(DERIVED_FILE_DIR)/Pods-PBIS Scanner-checkManifestLockResult.txt",
			);
			runOnlyForDeploymentPostprocessing = 0;
			shellPath = /bin/sh;
			shellScript = "diff \"${PODS_PODFILE_DIR_PATH}/Podfile.lock\" \"${PODS_ROOT}/Manifest.lock\" > /dev/null\nif [ $? != 0 ] ; then\n    # print error to STDERR\n    echo \"error: The sandbox is not in sync with the Podfile.lock. Run 'pod install' or update your CocoaPods installation.\" >&2\n    exit 1\nfi\n# This output is used by Xcode 'outputs' to avoid re-running this script phase.\necho \"SUCCESS\" > \"${SCRIPT_OUTPUT_FILE_0}\"\n";
			showEnvVarsInLog = 0;
		};
		90A2F15DF18452FEAEE68E90 /* [CP] Embed Pods Frameworks */ = {
			isa = PBXShellScriptBuildPhase;
			buildActionMask = 2147483647;
			files = (
			);
			inputFileListPaths = (
				"${PODS_ROOT}/Target Support Files/Pods-PBIS Scanner/Pods-PBIS Scanner-frameworks-${CONFIGURATION}-input-files.xcfilelist",
			);
			name = "[CP] Embed Pods Frameworks";
			outputFileListPaths = (
				"${PODS_ROOT}/Target Support Files/Pods-PBIS Scanner/Pods-PBIS Scanner-frameworks-${CONFIGURATION}-output-files.xcfilelist",
			);
			runOnlyForDeploymentPostprocessing = 0;
			shellPath = /bin/sh;
			shellScript = "\"${PODS_ROOT}/Target Support Files/Pods-PBIS Scanner/Pods-PBIS Scanner-frameworks.sh\"\n";
			showEnvVarsInLog = 0;
		};
/* End PBXShellScriptBuildPhase section */

/* Begin PBXSourcesBuildPhase section */
		55BA838D24FA63D4009356DC /* Sources */ = {
			isa = PBXSourcesBuildPhase;
			buildActionMask = 2147483647;
			files = (
				55117BD124FAACB90047D54A /* DataStoreMutationType.swift in Sources */,
				555DDE4324FE46D8001CC23D /* Badge.swift in Sources */,
				55117BCF24FAA3B40047D54A /* HttpMethod.swift in Sources */,
				559FCCAB24FB93A9007763B4 /* ImageExtensions.swift in Sources */,
				55BA839524FA63D4009356DC /* AppDelegate.swift in Sources */,
				555DDE3624FE133D001CC23D /* ProfileDetailView.swift in Sources */,
				55734D10250206CF004C2F01 /* JSONUtility.swift in Sources */,
				5574668E24FC770C00C8138F /* CredentialsProvider.swift in Sources */,
				555DDE3824FE1429001CC23D /* ListRowView.swift in Sources */,
				55E18C3D24FA776100820CE3 /* ScanView.swift in Sources */,
				55117BDD24FB27710047D54A /* KeychainManager.swift in Sources */,
				55E18C3724FA71EF00820CE3 /* SignInView.swift in Sources */,
				555DDF4025006F2F001CC23D /* Post.swift in Sources */,
				555DDE3B24FE2315001CC23D /* BoxCharacterContainerView.swift in Sources */,
				555DDF3925006F2F001CC23D /* Bucket.swift in Sources */,
				55117BD524FAB0180047D54A /* ResponseError.swift in Sources */,
				55117BE524FB33950047D54A /* HttpHeader.swift in Sources */,
				55117BBE24FA98E90047D54A /* AmplifyConfigurator.swift in Sources */,
				55117BD324FAAFB70047D54A /* APIManager.swift in Sources */,
				555DDE4524FE4D63001CC23D /* BehaviorScrollView.swift in Sources */,
				55117BE724FB35280047D54A /* APIManagerInjector.swift in Sources */,
				555DDE4124FE464B001CC23D /* ProfileIconView.swift in Sources */,
				55E18C2C24FA6D7800820CE3 /* AuthManager.swift in Sources */,
				555DDE3D24FE26FF001CC23D /* UIManager.swift in Sources */,
				555DDE3424FDF2FD001CC23D /* VisualEffectView.swift in Sources */,
				555DDE4724FE4DC0001CC23D /* BehaviorCardView.swift in Sources */,
				557465B624FBA39200C8138F /* CaptureSessionSetup.swift in Sources */,
				55117BFB24FB5D610047D54A /* JuvenileExtensions.swift in Sources */,
				555DDF4225006F2F001CC23D /* Behavior.swift in Sources */,
				55117BD724FAB05C0047D54A /* APIManagerProtocol.swift in Sources */,
				55D3BF3A24FD104600FD5236 /* QueueDrawer.swift in Sources */,
				55117BC924FAA2830047D54A /* URLRequestProtocol.swift in Sources */,
				557465AD24FB9BF200C8138F /* ProfileView.swift in Sources */,
				559FCCAD24FB93E0007763B4 /* SystemImage.swift in Sources */,
				55117BCB24FAA2BA0047D54A /* URLRequestProtocolExtensions.swift in Sources */,
				55BA839724FA63D4009356DC /* SceneDelegate.swift in Sources */,
				555DDF1125006699001CC23D /* NetworkManagerInjector.swift in Sources */,
				55117BCD24FAA2FA0047D54A /* BaseURL.swift in Sources */,
				555DDF3825006F2F001CC23D /* Location.swift in Sources */,
				555DDF0F25006338001CC23D /* BucketManager.swift in Sources */,
				555DDF3B25006F2F001CC23D /* Bucket+Schema.swift in Sources */,
				555DDE6224FFEA87001CC23D /* LocationSelectorView.swift in Sources */,
				555DDF3A25006F2F001CC23D /* AmplifyModels.swift in Sources */,
				559FCCA724FB7C5F007763B4 /* BehaviorExtensions.swift in Sources */,
				555DDF3F25006F2F001CC23D /* Category.swift in Sources */,
				55D3BF3C24FD215900FD5236 /* CornerRadiusExtensions.swift in Sources */,
				555DDF4325006F2F001CC23D /* Behavior+Schema.swift in Sources */,
				55E18C2F24FA6E9000820CE3 /* LoggerExtensions.swift in Sources */,
				555DDF3E25006F2F001CC23D /* Location+Schema.swift in Sources */,
				555DDE6024FFC244001CC23D /* CategoryExtensions.swift in Sources */,
				55117BC524FAA2220047D54A /* EndpointConfiguration.swift in Sources */,
				555DDE4924FE6238001CC23D /* JuvenileScrollView.swift in Sources */,
				555DDE3F24FE2AAE001CC23D /* BehaviorLocationManager.swift in Sources */,
				55117BE924FB35F40047D54A /* KeychainManagerInjector.swift in Sources */,
				55E18C3224FA6F1700820CE3 /* LogCategory.swift in Sources */,
				55BA839924FA63D4009356DC /* AppView.swift in Sources */,
				559FCCB824FB9631007763B4 /* LocalizationUtil.swift in Sources */,
				55117BEB24FB42750047D54A /* KeychainCategory.swift in Sources */,
				555DDF3D25006F2F001CC23D /* Juvenile+Schema.swift in Sources */,
				55117BC224FAA1BA0047D54A /* Endpoint.swift in Sources */,
				55117BDB24FB1C130047D54A /* NetworkManager.swift in Sources */,
				555DDF3C25006F2F001CC23D /* Post+Schema.swift in Sources */,
				55117BDF24FB27AD0047D54A /* DataExtensions.swift in Sources */,
				559FCCBA24FB9827007763B4 /* LocalizationKey.swift in Sources */,
				557465B424FBA2D600C8138F /* EmbeddedCaptureSessionViewController.swift in Sources */,
				559FCCA924FB80D1007763B4 /* LocationExtensions.swift in Sources */,
				55117BC024FA9D650047D54A /* JuvenileManager.swift in Sources */,
				555DDF4125006F2F001CC23D /* Juvenile.swift in Sources */,
			);
			runOnlyForDeploymentPostprocessing = 0;
		};
/* End PBXSourcesBuildPhase section */

/* Begin PBXVariantGroup section */
		559FCCB424FB95B6007763B4 /* Localizable.strings */ = {
			isa = PBXVariantGroup;
			children = (
				559FCCB324FB95B6007763B4 /* en */,
				559FCCB524FB95BD007763B4 /* zh-Hans */,
			);
			name = Localizable.strings;
			sourceTree = "<group>";
		};
		55BA839F24FA63DA009356DC /* LaunchScreen.storyboard */ = {
			isa = PBXVariantGroup;
			children = (
				55BA83A024FA63DA009356DC /* Base */,
				559FCCB124FB959E007763B4 /* zh-Hans */,
			);
			name = LaunchScreen.storyboard;
			sourceTree = "<group>";
		};
/* End PBXVariantGroup section */

/* Begin XCBuildConfiguration section */
		55BA83A324FA63DA009356DC /* Debug */ = {
			isa = XCBuildConfiguration;
			buildSettings = {
				ALWAYS_SEARCH_USER_PATHS = NO;
				CLANG_ANALYZER_LOCALIZABILITY_NONLOCALIZED = YES;
				CLANG_ANALYZER_NONNULL = YES;
				CLANG_ANALYZER_NUMBER_OBJECT_CONVERSION = YES_AGGRESSIVE;
				CLANG_CXX_LANGUAGE_STANDARD = "gnu++14";
				CLANG_CXX_LIBRARY = "libc++";
				CLANG_ENABLE_MODULES = YES;
				CLANG_ENABLE_OBJC_ARC = YES;
				CLANG_ENABLE_OBJC_WEAK = YES;
				CLANG_WARN_BLOCK_CAPTURE_AUTORELEASING = YES;
				CLANG_WARN_BOOL_CONVERSION = YES;
				CLANG_WARN_COMMA = YES;
				CLANG_WARN_CONSTANT_CONVERSION = YES;
				CLANG_WARN_DEPRECATED_OBJC_IMPLEMENTATIONS = YES;
				CLANG_WARN_DIRECT_OBJC_ISA_USAGE = YES_ERROR;
				CLANG_WARN_DOCUMENTATION_COMMENTS = YES;
				CLANG_WARN_EMPTY_BODY = YES;
				CLANG_WARN_ENUM_CONVERSION = YES;
				CLANG_WARN_INFINITE_RECURSION = YES;
				CLANG_WARN_INT_CONVERSION = YES;
				CLANG_WARN_NON_LITERAL_NULL_CONVERSION = YES;
				CLANG_WARN_OBJC_IMPLICIT_RETAIN_SELF = YES;
				CLANG_WARN_OBJC_LITERAL_CONVERSION = YES;
				CLANG_WARN_OBJC_ROOT_CLASS = YES_ERROR;
				CLANG_WARN_RANGE_LOOP_ANALYSIS = YES;
				CLANG_WARN_STRICT_PROTOTYPES = YES;
				CLANG_WARN_SUSPICIOUS_MOVE = YES;
				CLANG_WARN_UNGUARDED_AVAILABILITY = YES_AGGRESSIVE;
				CLANG_WARN_UNREACHABLE_CODE = YES;
				CLANG_WARN__DUPLICATE_METHOD_MATCH = YES;
				COPY_PHASE_STRIP = NO;
				DEBUG_INFORMATION_FORMAT = dwarf;
				ENABLE_STRICT_OBJC_MSGSEND = YES;
				ENABLE_TESTABILITY = YES;
				GCC_C_LANGUAGE_STANDARD = gnu11;
				GCC_DYNAMIC_NO_PIC = NO;
				GCC_NO_COMMON_BLOCKS = YES;
				GCC_OPTIMIZATION_LEVEL = 0;
				GCC_PREPROCESSOR_DEFINITIONS = (
					"DEBUG=1",
					"$(inherited)",
				);
				GCC_WARN_64_TO_32_BIT_CONVERSION = YES;
				GCC_WARN_ABOUT_RETURN_TYPE = YES_ERROR;
				GCC_WARN_UNDECLARED_SELECTOR = YES;
				GCC_WARN_UNINITIALIZED_AUTOS = YES_AGGRESSIVE;
				GCC_WARN_UNUSED_FUNCTION = YES;
				GCC_WARN_UNUSED_VARIABLE = YES;
				IPHONEOS_DEPLOYMENT_TARGET = 13.6;
				MTL_ENABLE_DEBUG_INFO = INCLUDE_SOURCE;
				MTL_FAST_MATH = YES;
				ONLY_ACTIVE_ARCH = YES;
				SDKROOT = iphoneos;
				SWIFT_ACTIVE_COMPILATION_CONDITIONS = DEBUG;
				SWIFT_OPTIMIZATION_LEVEL = "-Onone";
			};
			name = Debug;
		};
		55BA83A424FA63DA009356DC /* Release */ = {
			isa = XCBuildConfiguration;
			buildSettings = {
				ALWAYS_SEARCH_USER_PATHS = NO;
				CLANG_ANALYZER_LOCALIZABILITY_NONLOCALIZED = YES;
				CLANG_ANALYZER_NONNULL = YES;
				CLANG_ANALYZER_NUMBER_OBJECT_CONVERSION = YES_AGGRESSIVE;
				CLANG_CXX_LANGUAGE_STANDARD = "gnu++14";
				CLANG_CXX_LIBRARY = "libc++";
				CLANG_ENABLE_MODULES = YES;
				CLANG_ENABLE_OBJC_ARC = YES;
				CLANG_ENABLE_OBJC_WEAK = YES;
				CLANG_WARN_BLOCK_CAPTURE_AUTORELEASING = YES;
				CLANG_WARN_BOOL_CONVERSION = YES;
				CLANG_WARN_COMMA = YES;
				CLANG_WARN_CONSTANT_CONVERSION = YES;
				CLANG_WARN_DEPRECATED_OBJC_IMPLEMENTATIONS = YES;
				CLANG_WARN_DIRECT_OBJC_ISA_USAGE = YES_ERROR;
				CLANG_WARN_DOCUMENTATION_COMMENTS = YES;
				CLANG_WARN_EMPTY_BODY = YES;
				CLANG_WARN_ENUM_CONVERSION = YES;
				CLANG_WARN_INFINITE_RECURSION = YES;
				CLANG_WARN_INT_CONVERSION = YES;
				CLANG_WARN_NON_LITERAL_NULL_CONVERSION = YES;
				CLANG_WARN_OBJC_IMPLICIT_RETAIN_SELF = YES;
				CLANG_WARN_OBJC_LITERAL_CONVERSION = YES;
				CLANG_WARN_OBJC_ROOT_CLASS = YES_ERROR;
				CLANG_WARN_RANGE_LOOP_ANALYSIS = YES;
				CLANG_WARN_STRICT_PROTOTYPES = YES;
				CLANG_WARN_SUSPICIOUS_MOVE = YES;
				CLANG_WARN_UNGUARDED_AVAILABILITY = YES_AGGRESSIVE;
				CLANG_WARN_UNREACHABLE_CODE = YES;
				CLANG_WARN__DUPLICATE_METHOD_MATCH = YES;
				COPY_PHASE_STRIP = NO;
				DEBUG_INFORMATION_FORMAT = "dwarf-with-dsym";
				ENABLE_NS_ASSERTIONS = NO;
				ENABLE_STRICT_OBJC_MSGSEND = YES;
				GCC_C_LANGUAGE_STANDARD = gnu11;
				GCC_NO_COMMON_BLOCKS = YES;
				GCC_WARN_64_TO_32_BIT_CONVERSION = YES;
				GCC_WARN_ABOUT_RETURN_TYPE = YES_ERROR;
				GCC_WARN_UNDECLARED_SELECTOR = YES;
				GCC_WARN_UNINITIALIZED_AUTOS = YES_AGGRESSIVE;
				GCC_WARN_UNUSED_FUNCTION = YES;
				GCC_WARN_UNUSED_VARIABLE = YES;
				IPHONEOS_DEPLOYMENT_TARGET = 13.6;
				MTL_ENABLE_DEBUG_INFO = NO;
				MTL_FAST_MATH = YES;
				SDKROOT = iphoneos;
				SWIFT_COMPILATION_MODE = wholemodule;
				SWIFT_OPTIMIZATION_LEVEL = "-O";
				VALIDATE_PRODUCT = YES;
			};
			name = Release;
		};
		55BA83A624FA63DA009356DC /* Debug */ = {
			isa = XCBuildConfiguration;
			baseConfigurationReference = E0274966E7C788BEF511419F /* Pods-PBIS Scanner.debug.xcconfig */;
			buildSettings = {
				ASSETCATALOG_COMPILER_APPICON_NAME = AppIcon;
				CODE_SIGN_IDENTITY = "Apple Development: Jennifer Whitespear (R3FR5M89FV)";
				CODE_SIGN_STYLE = Manual;
				CURRENT_PROJECT_VERSION = 20610;
				DEVELOPMENT_ASSET_PATHS = "\"PBIS Scanner/Preview Content\"";
				DEVELOPMENT_TEAM = JSR55HTJU9;
				ENABLE_PREVIEWS = YES;
				INFOPLIST_FILE = "PBIS Scanner/Info.plist";
				LD_RUNPATH_SEARCH_PATHS = (
					"$(inherited)",
					"@executable_path/Frameworks",
				);
				MARKETING_VERSION = 1.5;
				PRODUCT_BUNDLE_IDENTIFIER = edu.calpoly.dxhub.pbis;
				PRODUCT_NAME = "$(TARGET_NAME)";
				PROVISIONING_PROFILE_SPECIFIER = "pbis-dev";
				SWIFT_VERSION = 5.0;
				TARGETED_DEVICE_FAMILY = "1,2";
			};
			name = Debug;
		};
		55BA83A724FA63DA009356DC /* Release */ = {
			isa = XCBuildConfiguration;
			baseConfigurationReference = 7E496EA33889CEB2F18ABD00 /* Pods-PBIS Scanner.release.xcconfig */;
			buildSettings = {
				ASSETCATALOG_COMPILER_APPICON_NAME = AppIcon;
				CODE_SIGN_IDENTITY = "Apple Development: Jennifer Whitespear (R3FR5M89FV)";
				CODE_SIGN_STYLE = Manual;
				CURRENT_PROJECT_VERSION = 20610;
				DEVELOPMENT_ASSET_PATHS = "\"PBIS Scanner/Preview Content\"";
				DEVELOPMENT_TEAM = JSR55HTJU9;
				ENABLE_PREVIEWS = YES;
				INFOPLIST_FILE = "PBIS Scanner/Info.plist";
				LD_RUNPATH_SEARCH_PATHS = (
					"$(inherited)",
					"@executable_path/Frameworks",
				);
				MARKETING_VERSION = 1.5;
				PRODUCT_BUNDLE_IDENTIFIER = edu.calpoly.dxhub.pbis;
				PRODUCT_NAME = "$(TARGET_NAME)";
				PROVISIONING_PROFILE_SPECIFIER = "pbis-dev";
				SWIFT_VERSION = 5.0;
				TARGETED_DEVICE_FAMILY = "1,2";
			};
			name = Release;
		};
/* End XCBuildConfiguration section */

/* Begin XCConfigurationList section */
		55BA838C24FA63D4009356DC /* Build configuration list for PBXProject "PBIS Scanner" */ = {
			isa = XCConfigurationList;
			buildConfigurations = (
				55BA83A324FA63DA009356DC /* Debug */,
				55BA83A424FA63DA009356DC /* Release */,
			);
			defaultConfigurationIsVisible = 0;
			defaultConfigurationName = Release;
		};
		55BA83A524FA63DA009356DC /* Build configuration list for PBXNativeTarget "PBIS Scanner" */ = {
			isa = XCConfigurationList;
			buildConfigurations = (
				55BA83A624FA63DA009356DC /* Debug */,
				55BA83A724FA63DA009356DC /* Release */,
			);
			defaultConfigurationIsVisible = 0;
			defaultConfigurationName = Release;
		};
/* End XCConfigurationList section */
	};
	rootObject = 55BA838924FA63D4009356DC /* Project object */;
}
